Microsoft Visual Studio Solution File, Format Version 12.00
# Visual Studio Version 17
VisualStudioVersion = 17.5.2.0
MinimumVisualStudioVersion = 10.0.40219.1
Project("{2150E333-8FDC-42A3-9474-1A3956D46DE8}") = "applications", "applications", "{A10A91C2-6485-6656-963B-F6FCBC812542}"
EndProject
Project("{2150E333-8FDC-42A3-9474-1A3956D46DE8}") = "libraries", "libraries", "{F2E35B3E-9711-EDEC-6202-DB40BDEED14A}"
EndProject
Project("{FAE04EC0-301F-11D3-BF4B-00C04F79EFBC}") = "DemoProject.WebApi", "applications\DemoProject.WebApi\DemoProject.WebApi.csproj", "{5E84026B-7FEC-9A2C-556D-45B7BBA63E42}"
EndProject
Project("{2150E333-8FDC-42A3-9474-1A3956D46DE8}") = "common", "common", "{BA256323-D9DE-6F17-7AC7-C9A0D87ECAD6}"
EndProject
Project("{FAE04EC0-301F-11D3-BF4B-00C04F79EFBC}") = "DemoProject.Data", "libraries\common\DemoProject.Data\DemoProject.Data.csproj", "{7E64E170-83C8-A311-CB1B-354A75953FE5}"
EndProject
Project("{FAE04EC0-301F-11D3-BF4B-00C04F79EFBC}") = "DemoProject.Data.Implementation", "libraries\common\DemoProject.Data.Implementation\DemoProject.Data.Implementation.csproj", "{5BFCD954-58AB-7BF1-6190-5814DBCD47ED}"
EndProject
Project("{FAE04EC0-301F-11D3-BF4B-00C04F79EFBC}") = "DemoProject.Infrastructure", "libraries\common\DemoProject.Infrastructure\DemoProject.Infrastructure.csproj", "{288A55F6-4A99-D09D-62D8-D8A121083472}"
EndProject
Project("{2150E333-8FDC-42A3-9474-1A3956D46DE8}") = "services", "services", "{4B319601-66AA-4A92-4B59-1889E0855890}"
EndProject
Project("{FAE04EC0-301F-11D3-BF4B-00C04F79EFBC}") = "DemoProject.Services", "libraries\services\DemoProject.Services\DemoProject.Services.csproj", "{15B06DF6-BC0C-7FB4-9A8A-5394DD0C2637}"
EndProject
Global
	GlobalSection(SolutionConfigurationPlatforms) = preSolution
		Debug|Any CPU = Debug|Any CPU
		Release|Any CPU = Release|Any CPU
	EndGlobalSection
	GlobalSection(ProjectConfigurationPlatforms) = postSolution
		{5E84026B-7FEC-9A2C-556D-45B7BBA63E42}.Debug|Any CPU.ActiveCfg = Debug|Any CPU
		{5E84026B-7FEC-9A2C-556D-45B7BBA63E42}.Debug|Any CPU.Build.0 = Debug|Any CPU
		{5E84026B-7FEC-9A2C-556D-45B7BBA63E42}.Release|Any CPU.ActiveCfg = Release|Any CPU
		{5E84026B-7FEC-9A2C-556D-45B7BBA63E42}.Release|Any CPU.Build.0 = Release|Any CPU
		{7E64E170-83C8-A311-CB1B-354A75953FE5}.Debug|Any CPU.ActiveCfg = Debug|Any CPU
		{7E64E170-83C8-A311-CB1B-354A75953FE5}.Debug|Any CPU.Build.0 = Debug|Any CPU
		{7E64E170-83C8-A311-CB1B-354A75953FE5}.Release|Any CPU.ActiveCfg = Release|Any CPU
		{7E64E170-83C8-A311-CB1B-354A75953FE5}.Release|Any CPU.Build.0 = Release|Any CPU
		{5BFCD954-58AB-7BF1-6190-5814DBCD47ED}.Debug|Any CPU.ActiveCfg = Debug|Any CPU
		{5BFCD954-58AB-7BF1-6190-5814DBCD47ED}.Debug|Any CPU.Build.0 = Debug|Any CPU
		{5BFCD954-58AB-7BF1-6190-5814DBCD47ED}.Release|Any CPU.ActiveCfg = Release|Any CPU
		{5BFCD954-58AB-7BF1-6190-5814DBCD47ED}.Release|Any CPU.Build.0 = Release|Any CPU
		{288A55F6-4A99-D09D-62D8-D8A121083472}.Debug|Any CPU.ActiveCfg = Debug|Any CPU
		{288A55F6-4A99-D09D-62D8-D8A121083472}.Debug|Any CPU.Build.0 = Debug|Any CPU
		{288A55F6-4A99-D09D-62D8-D8A121083472}.Release|Any CPU.ActiveCfg = Release|Any CPU
		{288A55F6-4A99-D09D-62D8-D8A121083472}.Release|Any CPU.Build.0 = Release|Any CPU
		{15B06DF6-BC0C-7FB4-9A8A-5394DD0C2637}.Debug|Any CPU.ActiveCfg = Debug|Any CPU
		{15B06DF6-BC0C-7FB4-9A8A-5394DD0C2637}.Debug|Any CPU.Build.0 = Debug|Any CPU
		{15B06DF6-BC0C-7FB4-9A8A-5394DD0C2637}.Release|Any CPU.ActiveCfg = Release|Any CPU
		{15B06DF6-BC0C-7FB4-9A8A-5394DD0C2637}.Release|Any CPU.Build.0 = Release|Any CPU
	EndGlobalSection
	GlobalSection(SolutionProperties) = preSolution
		HideSolutionNode = FALSE
	EndGlobalSection
	GlobalSection(NestedProjects) = preSolution
		{5E84026B-7FEC-9A2C-556D-45B7BBA63E42} = {A10A91C2-6485-6656-963B-F6FCBC812542}
		{BA256323-D9DE-6F17-7AC7-C9A0D87ECAD6} = {F2E35B3E-9711-EDEC-6202-DB40BDEED14A}
		{7E64E170-83C8-A311-CB1B-354A75953FE5} = {BA256323-D9DE-6F17-7AC7-C9A0D87ECAD6}
		{5BFCD954-58AB-7BF1-6190-5814DBCD47ED} = {BA256323-D9DE-6F17-7AC7-C9A0D87ECAD6}
		{288A55F6-4A99-D09D-62D8-D8A121083472} = {BA256323-D9DE-6F17-7AC7-C9A0D87ECAD6}
		{4B319601-66AA-4A92-4B59-1889E0855890} = {F2E35B3E-9711-EDEC-6202-DB40BDEED14A}
		{15B06DF6-BC0C-7FB4-9A8A-5394DD0C2637} = {4B319601-66AA-4A92-4B59-1889E0855890}
	EndGlobalSection
	GlobalSection(ExtensibilityGlobals) = postSolution
		SolutionGuid = {6DDC8933-23E5-4184-8772-84DC6AB61705}
	EndGlobalSection
EndGlobal
